{
  "name": "wendys-wok-world-karaoke",
  "version": "1.0.0",
  "lockfileVersion": 3,
  "requires": true,
  "packages": {
    "": {
      "name": "wendys-wok-world-karaoke",
      "version": "1.0.0",
      "license": "NONE",
      "dependencies": {
        "lrc-parser": "^1.0.1"
      }
    },
    "node_modules/lrc-parser": {
      "version": "1.0.1",
      "resolved": "https://registry.npmjs.org/lrc-parser/-/lrc-parser-1.0.1.tgz",
      "integrity": "sha512-325TPdUfmcygWF2lwquvAsily93mSBSplW3NLON4AeCNKrKfJYplIaTB5eMVL6gtRu7o1eLewHTCMh2PCb4C7w=="
    }
  }
}
